
Microsoft Visual Studio Solution File, Format Version 12.00
Project("{FAE04EC0-301F-11D3-BF4B-00C04F79EFBC}") = "DICore1", "DICore1\DICore1.csproj", "{E39D3111-BE00-4414-928B-EAE481863783}"
EndProject
Project("{2150E333-8FDC-42A3-9474-1A3956D46DE8}") = "tests", "tests", "{D1D37B5F-A9ED-4370-94D2-3ED66A0894C4}"
EndProject
Project("{FAE04EC0-301F-11D3-BF4B-00C04F79EFBC}") = "test1", "test1\test1.csproj", "{4630B666-6229-4002-8038-3B6CED21054F}"
EndProject
Project("{FAE04EC0-301F-11D3-BF4B-00C04F79EFBC}") = "DICore2", "DICore2\DICore2.csproj", "{9D5ECE99-EC16-4002-B26A-2DFA2D359F5A}"
EndProject
Project("{FAE04EC0-301F-11D3-BF4B-00C04F79EFBC}") = "test2", "test2\test2.csproj", "{67E65869-2553-4F2B-A9CB-2CD1682ABC87}"
EndProject
Project("{FAE04EC0-301F-11D3-BF4B-00C04F79EFBC}") = "TestClasses", "TestClasses\TestClasses.csproj", "{B048D14F-8560-4EF2-82A9-91208F4B0014}"
EndProject
Project("{FAE04EC0-301F-11D3-BF4B-00C04F79EFBC}") = "ReflectionExpressionBenchmark", "ReflectionExpressionBenchmark\ReflectionExpressionBenchmark.csproj", "{64D869DE-6CD5-46B6-B981-9695AFC0F142}"
EndProject
Project("{FAE04EC0-301F-11D3-BF4B-00C04F79EFBC}") = "DICore4", "DICore4\DICore4.csproj", "{793F0BE2-7537-47FB-A6AF-7FB961FA15EC}"
EndProject
Project("{FAE04EC0-301F-11D3-BF4B-00C04F79EFBC}") = "test3", "test3\test3.csproj", "{C3024993-3EAC-4BBB-86C4-D0D47BDE8938}"
EndProject
Project("{FAE04EC0-301F-11D3-BF4B-00C04F79EFBC}") = "test4", "test4\test4.csproj", "{3B037629-229F-4BAF-AC59-2974519969AB}"
EndProject
Project("{FAE04EC0-301F-11D3-BF4B-00C04F79EFBC}") = "Visitor", "Visitor\Visitor.csproj", "{C4236959-F8FA-4225-864A-67484171D51C}"
EndProject
Project("{FAE04EC0-301F-11D3-BF4B-00C04F79EFBC}") = "VisitorSwitch", "VisitorSwitch\VisitorSwitch.csproj", "{15F490CD-8427-493D-A46A-837BBCC213BA}"
EndProject
Project("{FAE04EC0-301F-11D3-BF4B-00C04F79EFBC}") = "Closure", "Closure\Closure.csproj", "{6E4D2C77-1263-4F42-BDD6-5263253BF06F}"
EndProject
Project("{FAE04EC0-301F-11D3-BF4B-00C04F79EFBC}") = "DIMainFrame", "DIMainFrame\DIMainFrame.csproj", "{B3F58A98-3D75-478C-9110-FC8F226ACE4D}"
EndProject
Project("{FAE04EC0-301F-11D3-BF4B-00C04F79EFBC}") = "DICore3", "DICore3\DICore3.csproj", "{AEC34C88-7ACB-4054-A412-B38E82E03B7C}"
EndProject
Global
	GlobalSection(SolutionConfigurationPlatforms) = preSolution
		Debug|Any CPU = Debug|Any CPU
		Release|Any CPU = Release|Any CPU
	EndGlobalSection
	GlobalSection(ProjectConfigurationPlatforms) = postSolution
		{E39D3111-BE00-4414-928B-EAE481863783}.Debug|Any CPU.ActiveCfg = Debug|Any CPU
		{E39D3111-BE00-4414-928B-EAE481863783}.Debug|Any CPU.Build.0 = Debug|Any CPU
		{E39D3111-BE00-4414-928B-EAE481863783}.Release|Any CPU.ActiveCfg = Release|Any CPU
		{E39D3111-BE00-4414-928B-EAE481863783}.Release|Any CPU.Build.0 = Release|Any CPU
		{4630B666-6229-4002-8038-3B6CED21054F}.Debug|Any CPU.ActiveCfg = Debug|Any CPU
		{4630B666-6229-4002-8038-3B6CED21054F}.Debug|Any CPU.Build.0 = Debug|Any CPU
		{4630B666-6229-4002-8038-3B6CED21054F}.Release|Any CPU.ActiveCfg = Release|Any CPU
		{4630B666-6229-4002-8038-3B6CED21054F}.Release|Any CPU.Build.0 = Release|Any CPU
		{9D5ECE99-EC16-4002-B26A-2DFA2D359F5A}.Debug|Any CPU.ActiveCfg = Debug|Any CPU
		{9D5ECE99-EC16-4002-B26A-2DFA2D359F5A}.Debug|Any CPU.Build.0 = Debug|Any CPU
		{9D5ECE99-EC16-4002-B26A-2DFA2D359F5A}.Release|Any CPU.ActiveCfg = Release|Any CPU
		{9D5ECE99-EC16-4002-B26A-2DFA2D359F5A}.Release|Any CPU.Build.0 = Release|Any CPU
		{67E65869-2553-4F2B-A9CB-2CD1682ABC87}.Debug|Any CPU.ActiveCfg = Debug|Any CPU
		{67E65869-2553-4F2B-A9CB-2CD1682ABC87}.Debug|Any CPU.Build.0 = Debug|Any CPU
		{67E65869-2553-4F2B-A9CB-2CD1682ABC87}.Release|Any CPU.ActiveCfg = Release|Any CPU
		{67E65869-2553-4F2B-A9CB-2CD1682ABC87}.Release|Any CPU.Build.0 = Release|Any CPU
		{B048D14F-8560-4EF2-82A9-91208F4B0014}.Debug|Any CPU.ActiveCfg = Debug|Any CPU
		{B048D14F-8560-4EF2-82A9-91208F4B0014}.Debug|Any CPU.Build.0 = Debug|Any CPU
		{B048D14F-8560-4EF2-82A9-91208F4B0014}.Release|Any CPU.ActiveCfg = Release|Any CPU
		{B048D14F-8560-4EF2-82A9-91208F4B0014}.Release|Any CPU.Build.0 = Release|Any CPU
		{64D869DE-6CD5-46B6-B981-9695AFC0F142}.Debug|Any CPU.ActiveCfg = Debug|Any CPU
		{64D869DE-6CD5-46B6-B981-9695AFC0F142}.Debug|Any CPU.Build.0 = Debug|Any CPU
		{64D869DE-6CD5-46B6-B981-9695AFC0F142}.Release|Any CPU.ActiveCfg = Release|Any CPU
		{64D869DE-6CD5-46B6-B981-9695AFC0F142}.Release|Any CPU.Build.0 = Release|Any CPU
		{793F0BE2-7537-47FB-A6AF-7FB961FA15EC}.Debug|Any CPU.ActiveCfg = Debug|Any CPU
		{793F0BE2-7537-47FB-A6AF-7FB961FA15EC}.Debug|Any CPU.Build.0 = Debug|Any CPU
		{793F0BE2-7537-47FB-A6AF-7FB961FA15EC}.Release|Any CPU.ActiveCfg = Release|Any CPU
		{793F0BE2-7537-47FB-A6AF-7FB961FA15EC}.Release|Any CPU.Build.0 = Release|Any CPU
		{C3024993-3EAC-4BBB-86C4-D0D47BDE8938}.Debug|Any CPU.ActiveCfg = Debug|Any CPU
		{C3024993-3EAC-4BBB-86C4-D0D47BDE8938}.Debug|Any CPU.Build.0 = Debug|Any CPU
		{C3024993-3EAC-4BBB-86C4-D0D47BDE8938}.Release|Any CPU.ActiveCfg = Release|Any CPU
		{C3024993-3EAC-4BBB-86C4-D0D47BDE8938}.Release|Any CPU.Build.0 = Release|Any CPU
		{3B037629-229F-4BAF-AC59-2974519969AB}.Debug|Any CPU.ActiveCfg = Debug|Any CPU
		{3B037629-229F-4BAF-AC59-2974519969AB}.Debug|Any CPU.Build.0 = Debug|Any CPU
		{3B037629-229F-4BAF-AC59-2974519969AB}.Release|Any CPU.ActiveCfg = Release|Any CPU
		{3B037629-229F-4BAF-AC59-2974519969AB}.Release|Any CPU.Build.0 = Release|Any CPU
		{C4236959-F8FA-4225-864A-67484171D51C}.Debug|Any CPU.ActiveCfg = Debug|Any CPU
		{C4236959-F8FA-4225-864A-67484171D51C}.Debug|Any CPU.Build.0 = Debug|Any CPU
		{C4236959-F8FA-4225-864A-67484171D51C}.Release|Any CPU.ActiveCfg = Release|Any CPU
		{C4236959-F8FA-4225-864A-67484171D51C}.Release|Any CPU.Build.0 = Release|Any CPU
		{15F490CD-8427-493D-A46A-837BBCC213BA}.Debug|Any CPU.ActiveCfg = Debug|Any CPU
		{15F490CD-8427-493D-A46A-837BBCC213BA}.Debug|Any CPU.Build.0 = Debug|Any CPU
		{15F490CD-8427-493D-A46A-837BBCC213BA}.Release|Any CPU.ActiveCfg = Release|Any CPU
		{15F490CD-8427-493D-A46A-837BBCC213BA}.Release|Any CPU.Build.0 = Release|Any CPU
		{6E4D2C77-1263-4F42-BDD6-5263253BF06F}.Debug|Any CPU.ActiveCfg = Debug|Any CPU
		{6E4D2C77-1263-4F42-BDD6-5263253BF06F}.Debug|Any CPU.Build.0 = Debug|Any CPU
		{6E4D2C77-1263-4F42-BDD6-5263253BF06F}.Release|Any CPU.ActiveCfg = Release|Any CPU
		{6E4D2C77-1263-4F42-BDD6-5263253BF06F}.Release|Any CPU.Build.0 = Release|Any CPU
		{B3F58A98-3D75-478C-9110-FC8F226ACE4D}.Debug|Any CPU.ActiveCfg = Debug|Any CPU
		{B3F58A98-3D75-478C-9110-FC8F226ACE4D}.Debug|Any CPU.Build.0 = Debug|Any CPU
		{B3F58A98-3D75-478C-9110-FC8F226ACE4D}.Release|Any CPU.ActiveCfg = Release|Any CPU
		{B3F58A98-3D75-478C-9110-FC8F226ACE4D}.Release|Any CPU.Build.0 = Release|Any CPU
		{AEC34C88-7ACB-4054-A412-B38E82E03B7C}.Debug|Any CPU.ActiveCfg = Debug|Any CPU
		{AEC34C88-7ACB-4054-A412-B38E82E03B7C}.Debug|Any CPU.Build.0 = Debug|Any CPU
		{AEC34C88-7ACB-4054-A412-B38E82E03B7C}.Release|Any CPU.ActiveCfg = Release|Any CPU
		{AEC34C88-7ACB-4054-A412-B38E82E03B7C}.Release|Any CPU.Build.0 = Release|Any CPU
	EndGlobalSection
	GlobalSection(NestedProjects) = preSolution
		{4630B666-6229-4002-8038-3B6CED21054F} = {D1D37B5F-A9ED-4370-94D2-3ED66A0894C4}
		{67E65869-2553-4F2B-A9CB-2CD1682ABC87} = {D1D37B5F-A9ED-4370-94D2-3ED66A0894C4}
		{B048D14F-8560-4EF2-82A9-91208F4B0014} = {D1D37B5F-A9ED-4370-94D2-3ED66A0894C4}
		{C3024993-3EAC-4BBB-86C4-D0D47BDE8938} = {D1D37B5F-A9ED-4370-94D2-3ED66A0894C4}
		{3B037629-229F-4BAF-AC59-2974519969AB} = {D1D37B5F-A9ED-4370-94D2-3ED66A0894C4}
	EndGlobalSection
EndGlobal
